// !$*UTF8*$!
{
	archiveVersion = 1;
	classes = {
	};
	objectVersion = 46;
	objects = {

/* Begin PBXBuildFile section */
		F595A02D1CA922F300F2115C /* README.md in Sources */ = {isa = PBXBuildFile; fileRef = F595A02C1CA922F300F2115C /* README.md */; };
		F5D68D0A1C99CD57009E0D94 /* main.c in Sources */ = {isa = PBXBuildFile; fileRef = F5D68D091C99CD57009E0D94 /* main.c */; };
/* End PBXBuildFile section */

/* Begin PBXCopyFilesBuildPhase section */
		F5D68D041C99CD57009E0D94 /* CopyFiles */ = {
			isa = PBXCopyFilesBuildPhase;
			buildActionMask = 2147483647;
			dstPath = /usr/share/man/man1/;
			dstSubfolderSpec = 0;
			files = (
			);
			runOnlyForDeploymentPostprocessing = 1;
		};
/* End PBXCopyFilesBuildPhase section */

/* Begin PBXFileReference section */
		F595A02C1CA922F300F2115C /* README.md */ = {isa = PBXFileReference; fileEncoding = 4; lastKnownFileType = net.daringfireball.markdown; path = README.md; sourceTree = "<group>"; };
		F5D68D061C99CD57009E0D94 /* Virtual File System */ = {isa = PBXFileReference; explicitFileType = "compiled.mach-o.executable"; includeInIndex = 0; path = "Virtual File System"; sourceTree = BUILT_PRODUCTS_DIR; };
		F5D68D091C99CD57009E0D94 /* main.c */ = {isa = PBXFileReference; lastKnownFileType = sourcecode.c.c; path = main.c; sourceTree = "<group>"; };
		F5D68D101C99D04A009E0D94 /* main.h */ = {isa = PBXFileReference; fileEncoding = 4; lastKnownFileType = sourcecode.c.h; path = main.h; sourceTree = "<group>"; };
/* End PBXFileReference section */

/* Begin PBXFrameworksBuildPhase section */
		F5D68D031C99CD57009E0D94 /* Frameworks */ = {
			isa = PBXFrameworksBuildPhase;
			buildActionMask = 2147483647;
			files = (
			);
			runOnlyForDeploymentPostprocessing = 0;
		};
/* End PBXFrameworksBuildPhase section */

/* Begin PBXGroup section */
		F5D68CFD1C99CD57009E0D94 = {
			isa = PBXGroup;
			children = (
				F595A02C1CA922F300F2115C /* README.md */,
				F5D68D081C99CD57009E0D94 /* Virtual File System */,
				F5D68D071C99CD57009E0D94 /* Products */,
			);
			sourceTree = "<group>";
		};
		F5D68D071C99CD57009E0D94 /* Products */ = {
			isa = PBXGroup;
			children = (
				F5D68D061C99CD57009E0D94 /* Virtual File System */,
			);
			name = Products;
			sourceTree = "<group>";
		};
		F5D68D081C99CD57009E0D94 /* Virtual File System */ = {
			isa = PBXGroup;
			children = (
				F5D68D091C99CD57009E0D94 /* main.c */,
				F5D68D101C99D04A009E0D94 /* main.h */,
			);
			path = "Virtual File System";
			sourceTree = "<group>";
		};
/* End PBXGroup section */

/* Begin PBXNativeTarget section */
		F5D68D051C99CD57009E0D94 /* Virtual File System */ = {
			isa = PBXNativeTarget;
			buildConfigurationList = F5D68D0D1C99CD57009E0D94 /* Build configuration list for PBXNativeTarget "Virtual File System" */;
			buildPhases = (
				F5D68D021C99CD57009E0D94 /* Sources */,
				F5D68D031C99CD57009E0D94 /* Frameworks */,
				F5D68D041C99CD57009E0D94 /* CopyFiles */,
			);
			buildRules = (
			);
			dependencies = (
			);
			name = "Virtual File System";
			productName = "Virtual File System";
			productReference = F5D68D061C99CD57009E0D94 /* Virtual File System */;
			productType = "com.apple.product-type.tool";
		};
/* End PBXNativeTarget section */

/* Begin PBXProject section */
		F5D68CFE1C99CD57009E0D94 /* Project object */ = {
			isa = PBXProject;
			attributes = {
				LastUpgradeCheck = 0720;
				ORGANIZATIONNAME = BUPT;
				TargetAttributes = {
					F5D68D051C99CD57009E0D94 = {
						CreatedOnToolsVersion = 7.2.1;
					};
				};
			};
			buildConfigurationList = F5D68D011C99CD57009E0D94 /* Build configuration list for PBXProject "Virtual File System" */;
			compatibilityVersion = "Xcode 3.2";
			developmentRegion = English;
			hasScannedForEncodings = 0;
			knownRegions = (
				en,
			);
			mainGroup = F5D68CFD1C99CD57009E0D94;
			productRefGroup = F5D68D071C99CD57009E0D94 /* Products */;
			projectDirPath = "";
			projectRoot = "";
			targets = (
				F5D68D051C99CD57009E0D94 /* Virtual File System */,
			);
		};
/* End PBXProject section */

/* Begin PBXSourcesBuildPhase section */
		F5D68D021C99CD57009E0D94 /* Sources */ = {
			isa = PBXSourcesBuildPhase;
			buildActionMask = 2147483647;
			files = (
				F595A02D1CA922F300F2115C /* README.md in Sources */,
				F5D68D0A1C99CD57009E0D94 /* main.c in Sources */,
			);
			runOnlyForDeploymentPostprocessing = 0;
		};
/* End PBXSourcesBuildPhase section */

/* Begin XCBuildConfiguration section */
		F5D68D0B1C99CD57009E0D94 /* Debug */ = {
			isa = XCBuildConfiguration;
			buildSettings = {
				ALWAYS_SEARCH_USER_PATHS = NO;
				CLANG_CXX_LANGUAGE_STANDARD = "gnu++0x";
				CLANG_CXX_LIBRARY = "libc++";
				CLANG_ENABLE_MODULES = YES;
				CLANG_ENABLE_OBJC_ARC = YES;
				CLANG_WARN_BOOL_CONVERSION = YES;
				CLANG_WARN_CONSTANT_CONVERSION = YES;
				CLANG_WARN_DIRECT_OBJC_ISA_USAGE = YES_ERROR;
				CLANG_WARN_EMPTY_BODY = YES;
				CLANG_WARN_ENUM_CONVERSION = YES;
				CLANG_WARN_INT_CONVERSION = YES;
				CLANG_WARN_OBJC_ROOT_CLASS = YES_ERROR;
				CLANG_WARN_UNREACHABLE_CODE = YES;
				CLANG_WARN__DUPLICATE_METHOD_MATCH = YES;
				CODE_SIGN_IDENTITY = "-";
				COPY_PHASE_STRIP = NO;
				DEBUG_INFORMATION_FORMAT = dwarf;
				ENABLE_STRICT_OBJC_MSGSEND = YES;
				ENABLE_TESTABILITY = YES;
				GCC_C_LANGUAGE_STANDARD = gnu99;
				GCC_DYNAMIC_NO_PIC = NO;
				GCC_NO_COMMON_BLOCKS = YES;
				GCC_OPTIMIZATION_LEVEL = 0;
				GCC_PREPROCESSOR_DEFINITIONS = (
					"DEBUG=1",
					"$(inherited)",
				);
				GCC_WARN_64_TO_32_BIT_CONVERSION = YES;
				GCC_WARN_ABOUT_RETURN_TYPE = YES_ERROR;
				GCC_WARN_UNDECLARED_SELECTOR = YES;
				GCC_WARN_UNINITIALIZED_AUTOS = YES_AGGRESSIVE;
				GCC_WARN_UNUSED_FUNCTION = YES;
				GCC_WARN_UNUSED_VARIABLE = YES;
				MACOSX_DEPLOYMENT_TARGET = 10.11;
				MTL_ENABLE_DEBUG_INFO = YES;
				ONLY_ACTIVE_ARCH = YES;
				SDKROOT = macosx;
			};
			name = Debug;
		};
		F5D68D0C1C99CD57009E0D94 /* Release */ = {
			isa = XCBuildConfiguration;
			buildSettings = {
				ALWAYS_SEARCH_USER_PATHS = NO;
				CLANG_CXX_LANGUAGE_STANDARD = "gnu++0x";
				CLANG_CXX_LIBRARY = "libc++";
				CLANG_ENABLE_MODULES = YES;
				CLANG_ENABLE_OBJC_ARC = YES;
				CLANG_WARN_BOOL_CONVERSION = YES;
				CLANG_WARN_CONSTANT_CONVERSION = YES;
				CLANG_WARN_DIRECT_OBJC_ISA_USAGE = YES_ERROR;
				CLANG_WARN_EMPTY_BODY = YES;
				CLANG_WARN_ENUM_CONVERSION = YES;
				CLANG_WARN_INT_CONVERSION = YES;
				CLANG_WARN_OBJC_ROOT_CLASS = YES_ERROR;
				CLANG_WARN_UNREACHABLE_CODE = YES;
				CLANG_WARN__DUPLICATE_METHOD_MATCH = YES;
				CODE_SIGN_IDENTITY = "-";
				COPY_PHASE_STRIP = NO;
				DEBUG_INFORMATION_FORMAT = "dwarf-with-dsym";
				ENABLE_NS_ASSERTIONS = NO;
				ENABLE_STRICT_OBJC_MSGSEND = YES;
				GCC_C_LANGUAGE_STANDARD = gnu99;
				GCC_NO_COMMON_BLOCKS = YES;
				GCC_WARN_64_TO_32_BIT_CONVERSION = YES;
				GCC_WARN_ABOUT_RETURN_TYPE = YES_ERROR;
				GCC_WARN_UNDECLARED_SELECTOR = YES;
				GCC_WARN_UNINITIALIZED_AUTOS = YES_AGGRESSIVE;
				GCC_WARN_UNUSED_FUNCTION = YES;
				GCC_WARN_UNUSED_VARIABLE = YES;
				MACOSX_DEPLOYMENT_TARGET = 10.11;
				MTL_ENABLE_DEBUG_INFO = NO;
				SDKROOT = macosx;
			};
			name = Release;
		};
		F5D68D0E1C99CD57009E0D94 /* Debug */ = {
			isa = XCBuildConfiguration;
			buildSettings = {
				PRODUCT_NAME = "$(TARGET_NAME)";
			};
			name = Debug;
		};
		F5D68D0F1C99CD57009E0D94 /* Release */ = {
			isa = XCBuildConfiguration;
			buildSettings = {
				PRODUCT_NAME = "$(TARGET_NAME)";
			};
			name = Release;
		};
/* End XCBuildConfiguration section */

/* Begin XCConfigurationList section */
		F5D68D011C99CD57009E0D94 /* Build configuration list for PBXProject "Virtual File System" */ = {
			isa = XCConfigurationList;
			buildConfigurations = (
				F5D68D0B1C99CD57009E0D94 /* Debug */,
				F5D68D0C1C99CD57009E0D94 /* Release */,
			);
			defaultConfigurationIsVisible = 0;
			defaultConfigurationName = Release;
		};
		F5D68D0D1C99CD57009E0D94 /* Build configuration list for PBXNativeTarget "Virtual File System" */ = {
			isa = XCConfigurationList;
			buildConfigurations = (
				F5D68D0E1C99CD57009E0D94 /* Debug */,
				F5D68D0F1C99CD57009E0D94 /* Release */,
			);
			defaultConfigurationIsVisible = 0;
			defaultConfigurationName = Release;
		};
/* End XCConfigurationList section */
	};
	rootObject = F5D68CFE1C99CD57009E0D94 /* Project object */;
}
